
Microsoft Visual Studio Solution File, Format Version 12.00
# Visual Studio 14
VisualStudioVersion = 14.0.22823.1
MinimumVisualStudioVersion = 10.0.40219.1
Project("{262852C6-CD72-467D-83FE-5EEB1973A190}") = "HostedWebApp", "HostedWebApp\HostedWebApp.jsproj", "{398955A2-4E22-4456-A914-574D6C8D46CD}"
EndProject
Project("{2150E333-8FDC-42A3-9474-1A3956D46DE8}") = "Westminster", "Westminster", "{54401A65-C7D8-4DAD-88AD-E5D1B06A6CAE}"
EndProject
Project("{2150E333-8FDC-42A3-9474-1A3956D46DE8}") = "DemoKingHelper", "DemoKingHelper", "{50B22FC0-A561-4C95-9AFC-5419B9DAB3EC}"
EndProject
Project("{2150E333-8FDC-42A3-9474-1A3956D46DE8}") = "LaunchTarget", "LaunchTarget", "{32A9DD32-FDC7-4476-B1F5-8AAD6FFBB3F0}"
EndProject
Project("{FAE04EC0-301F-11D3-BF4B-00C04F79EFBC}") = "LaunchTarget.Windows", "LaunchTarget\LaunchTarget.Windows\LaunchTarget.Windows.csproj", "{5173C19A-CA91-4284-9BE9-310E47BBCAED}"
EndProject
Project("{FAE04EC0-301F-11D3-BF4B-00C04F79EFBC}") = "LaunchForResults_Target", "LaunchForResults_Target\LaunchForResults_Target.csproj", "{A71ECDC8-D774-432B-BB16-8B7CF803BBA8}"
EndProject
Project("{2150E333-8FDC-42A3-9474-1A3956D46DE8}") = "AppServiceServer", "AppServiceServer", "{F15BF14B-912D-4134-A4EF-5A763C1B8B60}"
EndProject
Project("{FAE04EC0-301F-11D3-BF4B-00C04F79EFBC}") = "AppServiceSample", "AppServiceSample\AppServiceSample.csproj", "{1FEE507B-5B01-4310-A1B1-1522B1B32066}"
EndProject
Project("{FAE04EC0-301F-11D3-BF4B-00C04F79EFBC}") = "ServerTaskComponent", "ServerTaskComponent\ServerTaskComponent.csproj", "{3BE24F0D-1B7B-4AFA-8F32-E6325AF0511F}"
EndProject
Project("{FAE04EC0-301F-11D3-BF4B-00C04F79EFBC}") = "Win10DemoKing", "Win10DemoKing\Win10DemoKing.csproj", "{754D4768-5EA7-4352-A4EC-53F69AE71A28}"
EndProject
Project("{FAE04EC0-301F-11D3-BF4B-00C04F79EFBC}") = "DragSourceSample", "DragSourceSample\DragSourceSample.csproj", "{80FF4332-547B-42E3-BF17-15045C490400}"
EndProject
Project("{FAE04EC0-301F-11D3-BF4B-00C04F79EFBC}") = "Win10DemoKing_VoiceCommandService", "Win10DemoKing_VoiceCommandService\Win10DemoKing_VoiceCommandService.csproj", "{B4F1A314-6B49-4912-AF5F-69253B9AC12A}"
EndProject
Project("{2150E333-8FDC-42A3-9474-1A3956D46DE8}") = "Win10DemoKing", "Win10DemoKing", "{0ABF8ECC-4D9B-4C06-AC86-1ACDFE89DA87}"
EndProject
Global
	GlobalSection(SolutionConfigurationPlatforms) = preSolution
		Debug|Any CPU = Debug|Any CPU
		Debug|ARM = Debug|ARM
		Debug|x64 = Debug|x64
		Debug|x86 = Debug|x86
		Release|Any CPU = Release|Any CPU
		Release|ARM = Release|ARM
		Release|x64 = Release|x64
		Release|x86 = Release|x86
	EndGlobalSection
	GlobalSection(ProjectConfigurationPlatforms) = postSolution
		{398955A2-4E22-4456-A914-574D6C8D46CD}.Debug|Any CPU.ActiveCfg = Debug|Any CPU
		{398955A2-4E22-4456-A914-574D6C8D46CD}.Debug|Any CPU.Build.0 = Debug|Any CPU
		{398955A2-4E22-4456-A914-574D6C8D46CD}.Debug|Any CPU.Deploy.0 = Debug|Any CPU
		{398955A2-4E22-4456-A914-574D6C8D46CD}.Debug|ARM.ActiveCfg = Debug|ARM
		{398955A2-4E22-4456-A914-574D6C8D46CD}.Debug|ARM.Build.0 = Debug|ARM
		{398955A2-4E22-4456-A914-574D6C8D46CD}.Debug|ARM.Deploy.0 = Debug|ARM
		{398955A2-4E22-4456-A914-574D6C8D46CD}.Debug|x64.ActiveCfg = Debug|x64
		{398955A2-4E22-4456-A914-574D6C8D46CD}.Debug|x64.Build.0 = Debug|x64
		{398955A2-4E22-4456-A914-574D6C8D46CD}.Debug|x64.Deploy.0 = Debug|x64
		{398955A2-4E22-4456-A914-574D6C8D46CD}.Debug|x86.ActiveCfg = Debug|x86
		{398955A2-4E22-4456-A914-574D6C8D46CD}.Debug|x86.Build.0 = Debug|x86
		{398955A2-4E22-4456-A914-574D6C8D46CD}.Debug|x86.Deploy.0 = Debug|x86
		{398955A2-4E22-4456-A914-574D6C8D46CD}.Release|Any CPU.ActiveCfg = Release|Any CPU
		{398955A2-4E22-4456-A914-574D6C8D46CD}.Release|Any CPU.Build.0 = Release|Any CPU
		{398955A2-4E22-4456-A914-574D6C8D46CD}.Release|Any CPU.Deploy.0 = Release|Any CPU
		{398955A2-4E22-4456-A914-574D6C8D46CD}.Release|ARM.ActiveCfg = Release|ARM
		{398955A2-4E22-4456-A914-574D6C8D46CD}.Release|ARM.Build.0 = Release|ARM
		{398955A2-4E22-4456-A914-574D6C8D46CD}.Release|ARM.Deploy.0 = Release|ARM
		{398955A2-4E22-4456-A914-574D6C8D46CD}.Release|x64.ActiveCfg = Release|x64
		{398955A2-4E22-4456-A914-574D6C8D46CD}.Release|x64.Build.0 = Release|x64
		{398955A2-4E22-4456-A914-574D6C8D46CD}.Release|x64.Deploy.0 = Release|x64
		{398955A2-4E22-4456-A914-574D6C8D46CD}.Release|x86.ActiveCfg = Release|x86
		{398955A2-4E22-4456-A914-574D6C8D46CD}.Release|x86.Build.0 = Release|x86
		{398955A2-4E22-4456-A914-574D6C8D46CD}.Release|x86.Deploy.0 = Release|x86
		{5173C19A-CA91-4284-9BE9-310E47BBCAED}.Debug|Any CPU.ActiveCfg = Debug|Any CPU
		{5173C19A-CA91-4284-9BE9-310E47BBCAED}.Debug|Any CPU.Build.0 = Debug|Any CPU
		{5173C19A-CA91-4284-9BE9-310E47BBCAED}.Debug|Any CPU.Deploy.0 = Debug|Any CPU
		{5173C19A-CA91-4284-9BE9-310E47BBCAED}.Debug|ARM.ActiveCfg = Debug|ARM
		{5173C19A-CA91-4284-9BE9-310E47BBCAED}.Debug|ARM.Build.0 = Debug|ARM
		{5173C19A-CA91-4284-9BE9-310E47BBCAED}.Debug|ARM.Deploy.0 = Debug|ARM
		{5173C19A-CA91-4284-9BE9-310E47BBCAED}.Debug|x64.ActiveCfg = Debug|x64
		{5173C19A-CA91-4284-9BE9-310E47BBCAED}.Debug|x64.Build.0 = Debug|x64
		{5173C19A-CA91-4284-9BE9-310E47BBCAED}.Debug|x64.Deploy.0 = Debug|x64
		{5173C19A-CA91-4284-9BE9-310E47BBCAED}.Debug|x86.ActiveCfg = Debug|x86
		{5173C19A-CA91-4284-9BE9-310E47BBCAED}.Debug|x86.Build.0 = Debug|x86
		{5173C19A-CA91-4284-9BE9-310E47BBCAED}.Debug|x86.Deploy.0 = Debug|x86
		{5173C19A-CA91-4284-9BE9-310E47BBCAED}.Release|Any CPU.ActiveCfg = Release|Any CPU
		{5173C19A-CA91-4284-9BE9-310E47BBCAED}.Release|Any CPU.Build.0 = Release|Any CPU
		{5173C19A-CA91-4284-9BE9-310E47BBCAED}.Release|Any CPU.Deploy.0 = Release|Any CPU
		{5173C19A-CA91-4284-9BE9-310E47BBCAED}.Release|ARM.ActiveCfg = Release|ARM
		{5173C19A-CA91-4284-9BE9-310E47BBCAED}.Release|ARM.Build.0 = Release|ARM
		{5173C19A-CA91-4284-9BE9-310E47BBCAED}.Release|ARM.Deploy.0 = Release|ARM
		{5173C19A-CA91-4284-9BE9-310E47BBCAED}.Release|x64.ActiveCfg = Release|x64
		{5173C19A-CA91-4284-9BE9-310E47BBCAED}.Release|x64.Build.0 = Release|x64
		{5173C19A-CA91-4284-9BE9-310E47BBCAED}.Release|x64.Deploy.0 = Release|x64
		{5173C19A-CA91-4284-9BE9-310E47BBCAED}.Release|x86.ActiveCfg = Release|x86
		{5173C19A-CA91-4284-9BE9-310E47BBCAED}.Release|x86.Build.0 = Release|x86
		{5173C19A-CA91-4284-9BE9-310E47BBCAED}.Release|x86.Deploy.0 = Release|x86
		{A71ECDC8-D774-432B-BB16-8B7CF803BBA8}.Debug|Any CPU.ActiveCfg = Debug|x86
		{A71ECDC8-D774-432B-BB16-8B7CF803BBA8}.Debug|ARM.ActiveCfg = Debug|ARM
		{A71ECDC8-D774-432B-BB16-8B7CF803BBA8}.Debug|ARM.Build.0 = Debug|ARM
		{A71ECDC8-D774-432B-BB16-8B7CF803BBA8}.Debug|ARM.Deploy.0 = Debug|ARM
		{A71ECDC8-D774-432B-BB16-8B7CF803BBA8}.Debug|x64.ActiveCfg = Debug|x64
		{A71ECDC8-D774-432B-BB16-8B7CF803BBA8}.Debug|x64.Build.0 = Debug|x64
		{A71ECDC8-D774-432B-BB16-8B7CF803BBA8}.Debug|x64.Deploy.0 = Debug|x64
		{A71ECDC8-D774-432B-BB16-8B7CF803BBA8}.Debug|x86.ActiveCfg = Debug|x86
		{A71ECDC8-D774-432B-BB16-8B7CF803BBA8}.Debug|x86.Build.0 = Debug|x86
		{A71ECDC8-D774-432B-BB16-8B7CF803BBA8}.Debug|x86.Deploy.0 = Debug|x86
		{A71ECDC8-D774-432B-BB16-8B7CF803BBA8}.Release|Any CPU.ActiveCfg = Release|x86
		{A71ECDC8-D774-432B-BB16-8B7CF803BBA8}.Release|ARM.ActiveCfg = Release|ARM
		{A71ECDC8-D774-432B-BB16-8B7CF803BBA8}.Release|ARM.Build.0 = Release|ARM
		{A71ECDC8-D774-432B-BB16-8B7CF803BBA8}.Release|ARM.Deploy.0 = Release|ARM
		{A71ECDC8-D774-432B-BB16-8B7CF803BBA8}.Release|x64.ActiveCfg = Release|x64
		{A71ECDC8-D774-432B-BB16-8B7CF803BBA8}.Release|x64.Build.0 = Release|x64
		{A71ECDC8-D774-432B-BB16-8B7CF803BBA8}.Release|x64.Deploy.0 = Release|x64
		{A71ECDC8-D774-432B-BB16-8B7CF803BBA8}.Release|x86.ActiveCfg = Release|x86
		{A71ECDC8-D774-432B-BB16-8B7CF803BBA8}.Release|x86.Build.0 = Release|x86
		{A71ECDC8-D774-432B-BB16-8B7CF803BBA8}.Release|x86.Deploy.0 = Release|x86
		{1FEE507B-5B01-4310-A1B1-1522B1B32066}.Debug|Any CPU.ActiveCfg = Debug|x86
		{1FEE507B-5B01-4310-A1B1-1522B1B32066}.Debug|ARM.ActiveCfg = Debug|ARM
		{1FEE507B-5B01-4310-A1B1-1522B1B32066}.Debug|ARM.Build.0 = Debug|ARM
		{1FEE507B-5B01-4310-A1B1-1522B1B32066}.Debug|ARM.Deploy.0 = Debug|ARM
		{1FEE507B-5B01-4310-A1B1-1522B1B32066}.Debug|x64.ActiveCfg = Debug|x64
		{1FEE507B-5B01-4310-A1B1-1522B1B32066}.Debug|x64.Build.0 = Debug|x64
		{1FEE507B-5B01-4310-A1B1-1522B1B32066}.Debug|x64.Deploy.0 = Debug|x64
		{1FEE507B-5B01-4310-A1B1-1522B1B32066}.Debug|x86.ActiveCfg = Debug|x86
		{1FEE507B-5B01-4310-A1B1-1522B1B32066}.Debug|x86.Build.0 = Debug|x86
		{1FEE507B-5B01-4310-A1B1-1522B1B32066}.Debug|x86.Deploy.0 = Debug|x86
		{1FEE507B-5B01-4310-A1B1-1522B1B32066}.Release|Any CPU.ActiveCfg = Release|x86
		{1FEE507B-5B01-4310-A1B1-1522B1B32066}.Release|ARM.ActiveCfg = Release|ARM
		{1FEE507B-5B01-4310-A1B1-1522B1B32066}.Release|ARM.Build.0 = Release|ARM
		{1FEE507B-5B01-4310-A1B1-1522B1B32066}.Release|ARM.Deploy.0 = Release|ARM
		{1FEE507B-5B01-4310-A1B1-1522B1B32066}.Release|x64.ActiveCfg = Release|x64
		{1FEE507B-5B01-4310-A1B1-1522B1B32066}.Release|x64.Build.0 = Release|x64
		{1FEE507B-5B01-4310-A1B1-1522B1B32066}.Release|x64.Deploy.0 = Release|x64
		{1FEE507B-5B01-4310-A1B1-1522B1B32066}.Release|x86.ActiveCfg = Release|x86
		{1FEE507B-5B01-4310-A1B1-1522B1B32066}.Release|x86.Build.0 = Release|x86
		{1FEE507B-5B01-4310-A1B1-1522B1B32066}.Release|x86.Deploy.0 = Release|x86
		{3BE24F0D-1B7B-4AFA-8F32-E6325AF0511F}.Debug|Any CPU.ActiveCfg = Debug|Any CPU
		{3BE24F0D-1B7B-4AFA-8F32-E6325AF0511F}.Debug|Any CPU.Build.0 = Debug|Any CPU
		{3BE24F0D-1B7B-4AFA-8F32-E6325AF0511F}.Debug|ARM.ActiveCfg = Debug|ARM
		{3BE24F0D-1B7B-4AFA-8F32-E6325AF0511F}.Debug|ARM.Build.0 = Debug|ARM
		{3BE24F0D-1B7B-4AFA-8F32-E6325AF0511F}.Debug|x64.ActiveCfg = Debug|x64
		{3BE24F0D-1B7B-4AFA-8F32-E6325AF0511F}.Debug|x64.Build.0 = Debug|x64
		{3BE24F0D-1B7B-4AFA-8F32-E6325AF0511F}.Debug|x86.ActiveCfg = Debug|x86
		{3BE24F0D-1B7B-4AFA-8F32-E6325AF0511F}.Debug|x86.Build.0 = Debug|x86
		{3BE24F0D-1B7B-4AFA-8F32-E6325AF0511F}.Release|Any CPU.ActiveCfg = Release|Any CPU
		{3BE24F0D-1B7B-4AFA-8F32-E6325AF0511F}.Release|Any CPU.Build.0 = Release|Any CPU
		{3BE24F0D-1B7B-4AFA-8F32-E6325AF0511F}.Release|ARM.ActiveCfg = Release|ARM
		{3BE24F0D-1B7B-4AFA-8F32-E6325AF0511F}.Release|ARM.Build.0 = Release|ARM
		{3BE24F0D-1B7B-4AFA-8F32-E6325AF0511F}.Release|x64.ActiveCfg = Release|x64
		{3BE24F0D-1B7B-4AFA-8F32-E6325AF0511F}.Release|x64.Build.0 = Release|x64
		{3BE24F0D-1B7B-4AFA-8F32-E6325AF0511F}.Release|x86.ActiveCfg = Release|x86
		{3BE24F0D-1B7B-4AFA-8F32-E6325AF0511F}.Release|x86.Build.0 = Release|x86
		{754D4768-5EA7-4352-A4EC-53F69AE71A28}.Debug|Any CPU.ActiveCfg = Debug|Any CPU
		{754D4768-5EA7-4352-A4EC-53F69AE71A28}.Debug|Any CPU.Build.0 = Debug|Any CPU
		{754D4768-5EA7-4352-A4EC-53F69AE71A28}.Debug|Any CPU.Deploy.0 = Debug|Any CPU
		{754D4768-5EA7-4352-A4EC-53F69AE71A28}.Debug|ARM.ActiveCfg = Debug|ARM
		{754D4768-5EA7-4352-A4EC-53F69AE71A28}.Debug|ARM.Build.0 = Debug|ARM
		{754D4768-5EA7-4352-A4EC-53F69AE71A28}.Debug|ARM.Deploy.0 = Debug|ARM
		{754D4768-5EA7-4352-A4EC-53F69AE71A28}.Debug|x64.ActiveCfg = Debug|x64
		{754D4768-5EA7-4352-A4EC-53F69AE71A28}.Debug|x64.Build.0 = Debug|x64
		{754D4768-5EA7-4352-A4EC-53F69AE71A28}.Debug|x64.Deploy.0 = Debug|x64
		{754D4768-5EA7-4352-A4EC-53F69AE71A28}.Debug|x86.ActiveCfg = Debug|x86
		{754D4768-5EA7-4352-A4EC-53F69AE71A28}.Debug|x86.Build.0 = Debug|x86
		{754D4768-5EA7-4352-A4EC-53F69AE71A28}.Debug|x86.Deploy.0 = Debug|x86
		{754D4768-5EA7-4352-A4EC-53F69AE71A28}.Release|Any CPU.ActiveCfg = Release|Any CPU
		{754D4768-5EA7-4352-A4EC-53F69AE71A28}.Release|Any CPU.Build.0 = Release|Any CPU
		{754D4768-5EA7-4352-A4EC-53F69AE71A28}.Release|Any CPU.Deploy.0 = Release|Any CPU
		{754D4768-5EA7-4352-A4EC-53F69AE71A28}.Release|ARM.ActiveCfg = Release|ARM
		{754D4768-5EA7-4352-A4EC-53F69AE71A28}.Release|ARM.Build.0 = Release|ARM
		{754D4768-5EA7-4352-A4EC-53F69AE71A28}.Release|ARM.Deploy.0 = Release|ARM
		{754D4768-5EA7-4352-A4EC-53F69AE71A28}.Release|x64.ActiveCfg = Release|x64
		{754D4768-5EA7-4352-A4EC-53F69AE71A28}.Release|x64.Build.0 = Release|x64
		{754D4768-5EA7-4352-A4EC-53F69AE71A28}.Release|x64.Deploy.0 = Release|x64
		{754D4768-5EA7-4352-A4EC-53F69AE71A28}.Release|x86.ActiveCfg = Release|x86
		{754D4768-5EA7-4352-A4EC-53F69AE71A28}.Release|x86.Build.0 = Release|x86
		{754D4768-5EA7-4352-A4EC-53F69AE71A28}.Release|x86.Deploy.0 = Release|x86
		{80FF4332-547B-42E3-BF17-15045C490400}.Debug|Any CPU.ActiveCfg = Debug|x86
		{80FF4332-547B-42E3-BF17-15045C490400}.Debug|ARM.ActiveCfg = Debug|ARM
		{80FF4332-547B-42E3-BF17-15045C490400}.Debug|ARM.Build.0 = Debug|ARM
		{80FF4332-547B-42E3-BF17-15045C490400}.Debug|ARM.Deploy.0 = Debug|ARM
		{80FF4332-547B-42E3-BF17-15045C490400}.Debug|x64.ActiveCfg = Debug|x64
		{80FF4332-547B-42E3-BF17-15045C490400}.Debug|x64.Build.0 = Debug|x64
		{80FF4332-547B-42E3-BF17-15045C490400}.Debug|x64.Deploy.0 = Debug|x64
		{80FF4332-547B-42E3-BF17-15045C490400}.Debug|x86.ActiveCfg = Debug|x86
		{80FF4332-547B-42E3-BF17-15045C490400}.Debug|x86.Build.0 = Debug|x86
		{80FF4332-547B-42E3-BF17-15045C490400}.Debug|x86.Deploy.0 = Debug|x86
		{80FF4332-547B-42E3-BF17-15045C490400}.Release|Any CPU.ActiveCfg = Release|x86
		{80FF4332-547B-42E3-BF17-15045C490400}.Release|ARM.ActiveCfg = Release|ARM
		{80FF4332-547B-42E3-BF17-15045C490400}.Release|ARM.Build.0 = Release|ARM
		{80FF4332-547B-42E3-BF17-15045C490400}.Release|ARM.Deploy.0 = Release|ARM
		{80FF4332-547B-42E3-BF17-15045C490400}.Release|x64.ActiveCfg = Release|x64
		{80FF4332-547B-42E3-BF17-15045C490400}.Release|x64.Build.0 = Release|x64
		{80FF4332-547B-42E3-BF17-15045C490400}.Release|x64.Deploy.0 = Release|x64
		{80FF4332-547B-42E3-BF17-15045C490400}.Release|x86.ActiveCfg = Release|x86
		{80FF4332-547B-42E3-BF17-15045C490400}.Release|x86.Build.0 = Release|x86
		{80FF4332-547B-42E3-BF17-15045C490400}.Release|x86.Deploy.0 = Release|x86
		{B4F1A314-6B49-4912-AF5F-69253B9AC12A}.Debug|Any CPU.ActiveCfg = Debug|Any CPU
		{B4F1A314-6B49-4912-AF5F-69253B9AC12A}.Debug|Any CPU.Build.0 = Debug|Any CPU
		{B4F1A314-6B49-4912-AF5F-69253B9AC12A}.Debug|ARM.ActiveCfg = Debug|ARM
		{B4F1A314-6B49-4912-AF5F-69253B9AC12A}.Debug|ARM.Build.0 = Debug|ARM
		{B4F1A314-6B49-4912-AF5F-69253B9AC12A}.Debug|x64.ActiveCfg = Debug|x64
		{B4F1A314-6B49-4912-AF5F-69253B9AC12A}.Debug|x64.Build.0 = Debug|x64
		{B4F1A314-6B49-4912-AF5F-69253B9AC12A}.Debug|x86.ActiveCfg = Debug|x86
		{B4F1A314-6B49-4912-AF5F-69253B9AC12A}.Debug|x86.Build.0 = Debug|x86
		{B4F1A314-6B49-4912-AF5F-69253B9AC12A}.Release|Any CPU.ActiveCfg = Release|Any CPU
		{B4F1A314-6B49-4912-AF5F-69253B9AC12A}.Release|Any CPU.Build.0 = Release|Any CPU
		{B4F1A314-6B49-4912-AF5F-69253B9AC12A}.Release|ARM.ActiveCfg = Release|ARM
		{B4F1A314-6B49-4912-AF5F-69253B9AC12A}.Release|ARM.Build.0 = Release|ARM
		{B4F1A314-6B49-4912-AF5F-69253B9AC12A}.Release|x64.ActiveCfg = Release|x64
		{B4F1A314-6B49-4912-AF5F-69253B9AC12A}.Release|x64.Build.0 = Release|x64
		{B4F1A314-6B49-4912-AF5F-69253B9AC12A}.Release|x86.ActiveCfg = Release|x86
		{B4F1A314-6B49-4912-AF5F-69253B9AC12A}.Release|x86.Build.0 = Release|x86
	EndGlobalSection
	GlobalSection(SolutionProperties) = preSolution
		HideSolutionNode = FALSE
	EndGlobalSection
	GlobalSection(NestedProjects) = preSolution
		{398955A2-4E22-4456-A914-574D6C8D46CD} = {54401A65-C7D8-4DAD-88AD-E5D1B06A6CAE}
		{32A9DD32-FDC7-4476-B1F5-8AAD6FFBB3F0} = {50B22FC0-A561-4C95-9AFC-5419B9DAB3EC}
		{5173C19A-CA91-4284-9BE9-310E47BBCAED} = {32A9DD32-FDC7-4476-B1F5-8AAD6FFBB3F0}
		{A71ECDC8-D774-432B-BB16-8B7CF803BBA8} = {32A9DD32-FDC7-4476-B1F5-8AAD6FFBB3F0}
		{F15BF14B-912D-4134-A4EF-5A763C1B8B60} = {50B22FC0-A561-4C95-9AFC-5419B9DAB3EC}
		{1FEE507B-5B01-4310-A1B1-1522B1B32066} = {F15BF14B-912D-4134-A4EF-5A763C1B8B60}
		{3BE24F0D-1B7B-4AFA-8F32-E6325AF0511F} = {F15BF14B-912D-4134-A4EF-5A763C1B8B60}
		{754D4768-5EA7-4352-A4EC-53F69AE71A28} = {0ABF8ECC-4D9B-4C06-AC86-1ACDFE89DA87}
		{80FF4332-547B-42E3-BF17-15045C490400} = {F15BF14B-912D-4134-A4EF-5A763C1B8B60}
		{B4F1A314-6B49-4912-AF5F-69253B9AC12A} = {0ABF8ECC-4D9B-4C06-AC86-1ACDFE89DA87}
	EndGlobalSection
EndGlobal
