
Microsoft Visual Studio Solution File, Format Version 12.00
# Visual Studio 14
VisualStudioVersion = 14.0.23107.0
MinimumVisualStudioVersion = 10.0.40219.1
Project("{FAE04EC0-301F-11D3-BF4B-00C04F79EFBC}") = "Windows10DemoKing", "Windows10DemoKing\Windows10DemoKing.csproj", "{001F40F9-65C0-4632-A548-EF24E98B6B81}"
EndProject
Project("{FAE04EC0-301F-11D3-BF4B-00C04F79EFBC}") = "Windows10DemoKing_PingPongVoiceCommandService", "Windows10DemoKing_PingPongVoiceCommandService\Windows10DemoKing_PingPongVoiceCommandService.csproj", "{0116FD4E-569A-4EDD-A0EE-67CE1C378C26}"
EndProject
Project("{2150E333-8FDC-42A3-9474-1A3956D46DE8}") = "WindowsDemoKing102040", "WindowsDemoKing102040", "{A47FCD03-E03C-404D-B257-FE1B0C67A506}"
EndProject
Project("{2150E333-8FDC-42A3-9474-1A3956D46DE8}") = "Westminster102040", "Westminster102040", "{7065FD5E-02CE-43F4-BC51-394EA3EF1F86}"
EndProject
Project("{262852C6-CD72-467D-83FE-5EEB1973A190}") = "LockscreenApp", "LockscreenApp\LockscreenApp.jsproj", "{D4D665F7-EC19-496B-8D69-5BF3F107B7EF}"
EndProject
Project("{2150E333-8FDC-42A3-9474-1A3956D46DE8}") = "DemoKingHelper102040", "DemoKingHelper102040", "{3FD609E3-593B-433F-A604-444FFD0D447C}"
EndProject
Project("{FAE04EC0-301F-11D3-BF4B-00C04F79EFBC}") = "AppServiceSample102040", "AppServiceSample102040\AppServiceSample102040.csproj", "{37222B15-826C-408F-BB7C-433440AC2B25}"
EndProject
Project("{2150E333-8FDC-42A3-9474-1A3956D46DE8}") = "AppService", "AppService", "{20082C62-640F-4BE0-AF95-C404696312AC}"
EndProject
Project("{FAE04EC0-301F-11D3-BF4B-00C04F79EFBC}") = "ServerTaskComponent102040", "AppService102040\ServerTaskComponent102040.csproj", "{A14566FE-065B-4282-B2AF-0B7CEBB4EA0B}"
EndProject
Project("{2150E333-8FDC-42A3-9474-1A3956D46DE8}") = "DragSource102040", "DragSource102040", "{1AED1B15-8BC3-47A2-A801-5C3C3AD4A409}"
EndProject
Project("{FAE04EC0-301F-11D3-BF4B-00C04F79EFBC}") = "DragSourceApp", "DragSourceApp\DragSourceApp.csproj", "{B93133E3-79B0-4397-8DA0-6E65F29CA021}"
EndProject
Project("{2150E333-8FDC-42A3-9474-1A3956D46DE8}") = "LaunchForResultsTarget", "LaunchForResultsTarget", "{6BA8781E-5F38-41B1-BE11-E2227CEEE8FC}"
EndProject
Project("{FAE04EC0-301F-11D3-BF4B-00C04F79EFBC}") = "LaunchForResults102040", "LaunchForResults102040\LaunchForResults102040.csproj", "{36B58C49-CCE6-4698-AF72-0021FB126C49}"
EndProject
Project("{FAE04EC0-301F-11D3-BF4B-00C04F79EFBC}") = "LaunchTargetAppDummy", "LaunchTargetAppDummy\LaunchTargetAppDummy.csproj", "{6F98C359-151C-41EC-A111-71AD633A62E4}"
EndProject
Global
	GlobalSection(SolutionConfigurationPlatforms) = preSolution
		Debug|Any CPU = Debug|Any CPU
		Debug|ARM = Debug|ARM
		Debug|x64 = Debug|x64
		Debug|x86 = Debug|x86
		Release|Any CPU = Release|Any CPU
		Release|ARM = Release|ARM
		Release|x64 = Release|x64
		Release|x86 = Release|x86
	EndGlobalSection
	GlobalSection(ProjectConfigurationPlatforms) = postSolution
		{001F40F9-65C0-4632-A548-EF24E98B6B81}.Debug|Any CPU.ActiveCfg = Debug|x86
		{001F40F9-65C0-4632-A548-EF24E98B6B81}.Debug|Any CPU.Build.0 = Debug|x86
		{001F40F9-65C0-4632-A548-EF24E98B6B81}.Debug|Any CPU.Deploy.0 = Debug|x86
		{001F40F9-65C0-4632-A548-EF24E98B6B81}.Debug|ARM.ActiveCfg = Debug|ARM
		{001F40F9-65C0-4632-A548-EF24E98B6B81}.Debug|ARM.Build.0 = Debug|ARM
		{001F40F9-65C0-4632-A548-EF24E98B6B81}.Debug|ARM.Deploy.0 = Debug|ARM
		{001F40F9-65C0-4632-A548-EF24E98B6B81}.Debug|x64.ActiveCfg = Debug|x64
		{001F40F9-65C0-4632-A548-EF24E98B6B81}.Debug|x64.Build.0 = Debug|x64
		{001F40F9-65C0-4632-A548-EF24E98B6B81}.Debug|x64.Deploy.0 = Debug|x64
		{001F40F9-65C0-4632-A548-EF24E98B6B81}.Debug|x86.ActiveCfg = Debug|x86
		{001F40F9-65C0-4632-A548-EF24E98B6B81}.Debug|x86.Build.0 = Debug|x86
		{001F40F9-65C0-4632-A548-EF24E98B6B81}.Debug|x86.Deploy.0 = Debug|x86
		{001F40F9-65C0-4632-A548-EF24E98B6B81}.Release|Any CPU.ActiveCfg = Release|x86
		{001F40F9-65C0-4632-A548-EF24E98B6B81}.Release|ARM.ActiveCfg = Release|ARM
		{001F40F9-65C0-4632-A548-EF24E98B6B81}.Release|ARM.Build.0 = Release|ARM
		{001F40F9-65C0-4632-A548-EF24E98B6B81}.Release|ARM.Deploy.0 = Release|ARM
		{001F40F9-65C0-4632-A548-EF24E98B6B81}.Release|x64.ActiveCfg = Release|x64
		{001F40F9-65C0-4632-A548-EF24E98B6B81}.Release|x64.Build.0 = Release|x64
		{001F40F9-65C0-4632-A548-EF24E98B6B81}.Release|x64.Deploy.0 = Release|x64
		{001F40F9-65C0-4632-A548-EF24E98B6B81}.Release|x86.ActiveCfg = Release|x86
		{001F40F9-65C0-4632-A548-EF24E98B6B81}.Release|x86.Build.0 = Release|x86
		{001F40F9-65C0-4632-A548-EF24E98B6B81}.Release|x86.Deploy.0 = Release|x86
		{0116FD4E-569A-4EDD-A0EE-67CE1C378C26}.Debug|Any CPU.ActiveCfg = Debug|Any CPU
		{0116FD4E-569A-4EDD-A0EE-67CE1C378C26}.Debug|Any CPU.Build.0 = Debug|Any CPU
		{0116FD4E-569A-4EDD-A0EE-67CE1C378C26}.Debug|ARM.ActiveCfg = Debug|ARM
		{0116FD4E-569A-4EDD-A0EE-67CE1C378C26}.Debug|ARM.Build.0 = Debug|ARM
		{0116FD4E-569A-4EDD-A0EE-67CE1C378C26}.Debug|x64.ActiveCfg = Debug|x64
		{0116FD4E-569A-4EDD-A0EE-67CE1C378C26}.Debug|x64.Build.0 = Debug|x64
		{0116FD4E-569A-4EDD-A0EE-67CE1C378C26}.Debug|x86.ActiveCfg = Debug|x86
		{0116FD4E-569A-4EDD-A0EE-67CE1C378C26}.Debug|x86.Build.0 = Debug|x86
		{0116FD4E-569A-4EDD-A0EE-67CE1C378C26}.Release|Any CPU.ActiveCfg = Release|Any CPU
		{0116FD4E-569A-4EDD-A0EE-67CE1C378C26}.Release|Any CPU.Build.0 = Release|Any CPU
		{0116FD4E-569A-4EDD-A0EE-67CE1C378C26}.Release|ARM.ActiveCfg = Release|ARM
		{0116FD4E-569A-4EDD-A0EE-67CE1C378C26}.Release|ARM.Build.0 = Release|ARM
		{0116FD4E-569A-4EDD-A0EE-67CE1C378C26}.Release|x64.ActiveCfg = Release|x64
		{0116FD4E-569A-4EDD-A0EE-67CE1C378C26}.Release|x64.Build.0 = Release|x64
		{0116FD4E-569A-4EDD-A0EE-67CE1C378C26}.Release|x86.ActiveCfg = Release|x86
		{0116FD4E-569A-4EDD-A0EE-67CE1C378C26}.Release|x86.Build.0 = Release|x86
		{D4D665F7-EC19-496B-8D69-5BF3F107B7EF}.Debug|Any CPU.ActiveCfg = Debug|Any CPU
		{D4D665F7-EC19-496B-8D69-5BF3F107B7EF}.Debug|Any CPU.Build.0 = Debug|Any CPU
		{D4D665F7-EC19-496B-8D69-5BF3F107B7EF}.Debug|Any CPU.Deploy.0 = Debug|Any CPU
		{D4D665F7-EC19-496B-8D69-5BF3F107B7EF}.Debug|ARM.ActiveCfg = Debug|ARM
		{D4D665F7-EC19-496B-8D69-5BF3F107B7EF}.Debug|ARM.Build.0 = Debug|ARM
		{D4D665F7-EC19-496B-8D69-5BF3F107B7EF}.Debug|ARM.Deploy.0 = Debug|ARM
		{D4D665F7-EC19-496B-8D69-5BF3F107B7EF}.Debug|x64.ActiveCfg = Debug|x64
		{D4D665F7-EC19-496B-8D69-5BF3F107B7EF}.Debug|x64.Build.0 = Debug|x64
		{D4D665F7-EC19-496B-8D69-5BF3F107B7EF}.Debug|x64.Deploy.0 = Debug|x64
		{D4D665F7-EC19-496B-8D69-5BF3F107B7EF}.Debug|x86.ActiveCfg = Debug|x86
		{D4D665F7-EC19-496B-8D69-5BF3F107B7EF}.Debug|x86.Build.0 = Debug|x86
		{D4D665F7-EC19-496B-8D69-5BF3F107B7EF}.Debug|x86.Deploy.0 = Debug|x86
		{D4D665F7-EC19-496B-8D69-5BF3F107B7EF}.Release|Any CPU.ActiveCfg = Release|Any CPU
		{D4D665F7-EC19-496B-8D69-5BF3F107B7EF}.Release|Any CPU.Build.0 = Release|Any CPU
		{D4D665F7-EC19-496B-8D69-5BF3F107B7EF}.Release|Any CPU.Deploy.0 = Release|Any CPU
		{D4D665F7-EC19-496B-8D69-5BF3F107B7EF}.Release|ARM.ActiveCfg = Release|ARM
		{D4D665F7-EC19-496B-8D69-5BF3F107B7EF}.Release|ARM.Build.0 = Release|ARM
		{D4D665F7-EC19-496B-8D69-5BF3F107B7EF}.Release|ARM.Deploy.0 = Release|ARM
		{D4D665F7-EC19-496B-8D69-5BF3F107B7EF}.Release|x64.ActiveCfg = Release|x64
		{D4D665F7-EC19-496B-8D69-5BF3F107B7EF}.Release|x64.Build.0 = Release|x64
		{D4D665F7-EC19-496B-8D69-5BF3F107B7EF}.Release|x64.Deploy.0 = Release|x64
		{D4D665F7-EC19-496B-8D69-5BF3F107B7EF}.Release|x86.ActiveCfg = Release|x86
		{D4D665F7-EC19-496B-8D69-5BF3F107B7EF}.Release|x86.Build.0 = Release|x86
		{D4D665F7-EC19-496B-8D69-5BF3F107B7EF}.Release|x86.Deploy.0 = Release|x86
		{37222B15-826C-408F-BB7C-433440AC2B25}.Debug|Any CPU.ActiveCfg = Debug|x86
		{37222B15-826C-408F-BB7C-433440AC2B25}.Debug|ARM.ActiveCfg = Debug|ARM
		{37222B15-826C-408F-BB7C-433440AC2B25}.Debug|ARM.Build.0 = Debug|ARM
		{37222B15-826C-408F-BB7C-433440AC2B25}.Debug|ARM.Deploy.0 = Debug|ARM
		{37222B15-826C-408F-BB7C-433440AC2B25}.Debug|x64.ActiveCfg = Debug|x64
		{37222B15-826C-408F-BB7C-433440AC2B25}.Debug|x64.Build.0 = Debug|x64
		{37222B15-826C-408F-BB7C-433440AC2B25}.Debug|x64.Deploy.0 = Debug|x64
		{37222B15-826C-408F-BB7C-433440AC2B25}.Debug|x86.ActiveCfg = Debug|x86
		{37222B15-826C-408F-BB7C-433440AC2B25}.Debug|x86.Build.0 = Debug|x86
		{37222B15-826C-408F-BB7C-433440AC2B25}.Debug|x86.Deploy.0 = Debug|x86
		{37222B15-826C-408F-BB7C-433440AC2B25}.Release|Any CPU.ActiveCfg = Release|x86
		{37222B15-826C-408F-BB7C-433440AC2B25}.Release|ARM.ActiveCfg = Release|ARM
		{37222B15-826C-408F-BB7C-433440AC2B25}.Release|ARM.Build.0 = Release|ARM
		{37222B15-826C-408F-BB7C-433440AC2B25}.Release|ARM.Deploy.0 = Release|ARM
		{37222B15-826C-408F-BB7C-433440AC2B25}.Release|x64.ActiveCfg = Release|x64
		{37222B15-826C-408F-BB7C-433440AC2B25}.Release|x64.Build.0 = Release|x64
		{37222B15-826C-408F-BB7C-433440AC2B25}.Release|x64.Deploy.0 = Release|x64
		{37222B15-826C-408F-BB7C-433440AC2B25}.Release|x86.ActiveCfg = Release|x86
		{37222B15-826C-408F-BB7C-433440AC2B25}.Release|x86.Build.0 = Release|x86
		{37222B15-826C-408F-BB7C-433440AC2B25}.Release|x86.Deploy.0 = Release|x86
		{A14566FE-065B-4282-B2AF-0B7CEBB4EA0B}.Debug|Any CPU.ActiveCfg = Debug|Any CPU
		{A14566FE-065B-4282-B2AF-0B7CEBB4EA0B}.Debug|Any CPU.Build.0 = Debug|Any CPU
		{A14566FE-065B-4282-B2AF-0B7CEBB4EA0B}.Debug|ARM.ActiveCfg = Debug|ARM
		{A14566FE-065B-4282-B2AF-0B7CEBB4EA0B}.Debug|ARM.Build.0 = Debug|ARM
		{A14566FE-065B-4282-B2AF-0B7CEBB4EA0B}.Debug|x64.ActiveCfg = Debug|x64
		{A14566FE-065B-4282-B2AF-0B7CEBB4EA0B}.Debug|x64.Build.0 = Debug|x64
		{A14566FE-065B-4282-B2AF-0B7CEBB4EA0B}.Debug|x86.ActiveCfg = Debug|x86
		{A14566FE-065B-4282-B2AF-0B7CEBB4EA0B}.Debug|x86.Build.0 = Debug|x86
		{A14566FE-065B-4282-B2AF-0B7CEBB4EA0B}.Release|Any CPU.ActiveCfg = Release|Any CPU
		{A14566FE-065B-4282-B2AF-0B7CEBB4EA0B}.Release|Any CPU.Build.0 = Release|Any CPU
		{A14566FE-065B-4282-B2AF-0B7CEBB4EA0B}.Release|ARM.ActiveCfg = Release|ARM
		{A14566FE-065B-4282-B2AF-0B7CEBB4EA0B}.Release|ARM.Build.0 = Release|ARM
		{A14566FE-065B-4282-B2AF-0B7CEBB4EA0B}.Release|x64.ActiveCfg = Release|x64
		{A14566FE-065B-4282-B2AF-0B7CEBB4EA0B}.Release|x64.Build.0 = Release|x64
		{A14566FE-065B-4282-B2AF-0B7CEBB4EA0B}.Release|x86.ActiveCfg = Release|x86
		{A14566FE-065B-4282-B2AF-0B7CEBB4EA0B}.Release|x86.Build.0 = Release|x86
		{B93133E3-79B0-4397-8DA0-6E65F29CA021}.Debug|Any CPU.ActiveCfg = Debug|x86
		{B93133E3-79B0-4397-8DA0-6E65F29CA021}.Debug|Any CPU.Deploy.0 = Debug|x86
		{B93133E3-79B0-4397-8DA0-6E65F29CA021}.Debug|ARM.ActiveCfg = Debug|ARM
		{B93133E3-79B0-4397-8DA0-6E65F29CA021}.Debug|ARM.Build.0 = Debug|ARM
		{B93133E3-79B0-4397-8DA0-6E65F29CA021}.Debug|ARM.Deploy.0 = Debug|ARM
		{B93133E3-79B0-4397-8DA0-6E65F29CA021}.Debug|x64.ActiveCfg = Debug|x64
		{B93133E3-79B0-4397-8DA0-6E65F29CA021}.Debug|x64.Build.0 = Debug|x64
		{B93133E3-79B0-4397-8DA0-6E65F29CA021}.Debug|x64.Deploy.0 = Debug|x64
		{B93133E3-79B0-4397-8DA0-6E65F29CA021}.Debug|x86.ActiveCfg = Debug|x86
		{B93133E3-79B0-4397-8DA0-6E65F29CA021}.Debug|x86.Build.0 = Debug|x86
		{B93133E3-79B0-4397-8DA0-6E65F29CA021}.Debug|x86.Deploy.0 = Debug|x86
		{B93133E3-79B0-4397-8DA0-6E65F29CA021}.Release|Any CPU.ActiveCfg = Release|x86
		{B93133E3-79B0-4397-8DA0-6E65F29CA021}.Release|ARM.ActiveCfg = Release|ARM
		{B93133E3-79B0-4397-8DA0-6E65F29CA021}.Release|ARM.Build.0 = Release|ARM
		{B93133E3-79B0-4397-8DA0-6E65F29CA021}.Release|ARM.Deploy.0 = Release|ARM
		{B93133E3-79B0-4397-8DA0-6E65F29CA021}.Release|x64.ActiveCfg = Release|x64
		{B93133E3-79B0-4397-8DA0-6E65F29CA021}.Release|x64.Build.0 = Release|x64
		{B93133E3-79B0-4397-8DA0-6E65F29CA021}.Release|x64.Deploy.0 = Release|x64
		{B93133E3-79B0-4397-8DA0-6E65F29CA021}.Release|x86.ActiveCfg = Release|x86
		{B93133E3-79B0-4397-8DA0-6E65F29CA021}.Release|x86.Build.0 = Release|x86
		{B93133E3-79B0-4397-8DA0-6E65F29CA021}.Release|x86.Deploy.0 = Release|x86
		{36B58C49-CCE6-4698-AF72-0021FB126C49}.Debug|Any CPU.ActiveCfg = Debug|x86
		{36B58C49-CCE6-4698-AF72-0021FB126C49}.Debug|ARM.ActiveCfg = Debug|ARM
		{36B58C49-CCE6-4698-AF72-0021FB126C49}.Debug|ARM.Build.0 = Debug|ARM
		{36B58C49-CCE6-4698-AF72-0021FB126C49}.Debug|ARM.Deploy.0 = Debug|ARM
		{36B58C49-CCE6-4698-AF72-0021FB126C49}.Debug|x64.ActiveCfg = Debug|x64
		{36B58C49-CCE6-4698-AF72-0021FB126C49}.Debug|x64.Build.0 = Debug|x64
		{36B58C49-CCE6-4698-AF72-0021FB126C49}.Debug|x64.Deploy.0 = Debug|x64
		{36B58C49-CCE6-4698-AF72-0021FB126C49}.Debug|x86.ActiveCfg = Debug|x86
		{36B58C49-CCE6-4698-AF72-0021FB126C49}.Debug|x86.Build.0 = Debug|x86
		{36B58C49-CCE6-4698-AF72-0021FB126C49}.Debug|x86.Deploy.0 = Debug|x86
		{36B58C49-CCE6-4698-AF72-0021FB126C49}.Release|Any CPU.ActiveCfg = Release|x86
		{36B58C49-CCE6-4698-AF72-0021FB126C49}.Release|ARM.ActiveCfg = Release|ARM
		{36B58C49-CCE6-4698-AF72-0021FB126C49}.Release|ARM.Build.0 = Release|ARM
		{36B58C49-CCE6-4698-AF72-0021FB126C49}.Release|ARM.Deploy.0 = Release|ARM
		{36B58C49-CCE6-4698-AF72-0021FB126C49}.Release|x64.ActiveCfg = Release|x64
		{36B58C49-CCE6-4698-AF72-0021FB126C49}.Release|x64.Build.0 = Release|x64
		{36B58C49-CCE6-4698-AF72-0021FB126C49}.Release|x64.Deploy.0 = Release|x64
		{36B58C49-CCE6-4698-AF72-0021FB126C49}.Release|x86.ActiveCfg = Release|x86
		{36B58C49-CCE6-4698-AF72-0021FB126C49}.Release|x86.Build.0 = Release|x86
		{36B58C49-CCE6-4698-AF72-0021FB126C49}.Release|x86.Deploy.0 = Release|x86
		{6F98C359-151C-41EC-A111-71AD633A62E4}.Debug|Any CPU.ActiveCfg = Debug|x86
		{6F98C359-151C-41EC-A111-71AD633A62E4}.Debug|ARM.ActiveCfg = Debug|ARM
		{6F98C359-151C-41EC-A111-71AD633A62E4}.Debug|ARM.Build.0 = Debug|ARM
		{6F98C359-151C-41EC-A111-71AD633A62E4}.Debug|ARM.Deploy.0 = Debug|ARM
		{6F98C359-151C-41EC-A111-71AD633A62E4}.Debug|x64.ActiveCfg = Debug|x64
		{6F98C359-151C-41EC-A111-71AD633A62E4}.Debug|x64.Build.0 = Debug|x64
		{6F98C359-151C-41EC-A111-71AD633A62E4}.Debug|x64.Deploy.0 = Debug|x64
		{6F98C359-151C-41EC-A111-71AD633A62E4}.Debug|x86.ActiveCfg = Debug|x86
		{6F98C359-151C-41EC-A111-71AD633A62E4}.Debug|x86.Build.0 = Debug|x86
		{6F98C359-151C-41EC-A111-71AD633A62E4}.Debug|x86.Deploy.0 = Debug|x86
		{6F98C359-151C-41EC-A111-71AD633A62E4}.Release|Any CPU.ActiveCfg = Release|x86
		{6F98C359-151C-41EC-A111-71AD633A62E4}.Release|ARM.ActiveCfg = Release|ARM
		{6F98C359-151C-41EC-A111-71AD633A62E4}.Release|ARM.Build.0 = Release|ARM
		{6F98C359-151C-41EC-A111-71AD633A62E4}.Release|ARM.Deploy.0 = Release|ARM
		{6F98C359-151C-41EC-A111-71AD633A62E4}.Release|x64.ActiveCfg = Release|x64
		{6F98C359-151C-41EC-A111-71AD633A62E4}.Release|x64.Build.0 = Release|x64
		{6F98C359-151C-41EC-A111-71AD633A62E4}.Release|x64.Deploy.0 = Release|x64
		{6F98C359-151C-41EC-A111-71AD633A62E4}.Release|x86.ActiveCfg = Release|x86
		{6F98C359-151C-41EC-A111-71AD633A62E4}.Release|x86.Build.0 = Release|x86
		{6F98C359-151C-41EC-A111-71AD633A62E4}.Release|x86.Deploy.0 = Release|x86
	EndGlobalSection
	GlobalSection(SolutionProperties) = preSolution
		HideSolutionNode = FALSE
	EndGlobalSection
	GlobalSection(NestedProjects) = preSolution
		{001F40F9-65C0-4632-A548-EF24E98B6B81} = {A47FCD03-E03C-404D-B257-FE1B0C67A506}
		{0116FD4E-569A-4EDD-A0EE-67CE1C378C26} = {A47FCD03-E03C-404D-B257-FE1B0C67A506}
		{D4D665F7-EC19-496B-8D69-5BF3F107B7EF} = {7065FD5E-02CE-43F4-BC51-394EA3EF1F86}
		{37222B15-826C-408F-BB7C-433440AC2B25} = {20082C62-640F-4BE0-AF95-C404696312AC}
		{20082C62-640F-4BE0-AF95-C404696312AC} = {3FD609E3-593B-433F-A604-444FFD0D447C}
		{A14566FE-065B-4282-B2AF-0B7CEBB4EA0B} = {20082C62-640F-4BE0-AF95-C404696312AC}
		{1AED1B15-8BC3-47A2-A801-5C3C3AD4A409} = {3FD609E3-593B-433F-A604-444FFD0D447C}
		{B93133E3-79B0-4397-8DA0-6E65F29CA021} = {1AED1B15-8BC3-47A2-A801-5C3C3AD4A409}
		{6BA8781E-5F38-41B1-BE11-E2227CEEE8FC} = {3FD609E3-593B-433F-A604-444FFD0D447C}
		{36B58C49-CCE6-4698-AF72-0021FB126C49} = {6BA8781E-5F38-41B1-BE11-E2227CEEE8FC}
		{6F98C359-151C-41EC-A111-71AD633A62E4} = {6BA8781E-5F38-41B1-BE11-E2227CEEE8FC}
	EndGlobalSection
EndGlobal
